{
  "version": 4,
  "terraform_version": "1.13.4",
  "serial": 1,
  "lineage": "e930f9a5-b2ad-2a28-f326-06b16149e768",
  "outputs": {},
  "resources": [
    {
      "mode": "managed",
      "type": "docker_image",
      "name": "app_image",
      "provider": "provider[\"registry.terraform.io/kreuzwerker/docker\"]",
      "instances": [
        {
          "schema_version": 0,
          "attributes": {
            "build": [],
            "force_remove": null,
            "id": "sha256:e544323490d0fdd2e315fad25ff7784c6876b762d775bfef0eaaadd1fafdef6aghcr.io/pujiths1982/devops-project:latest",
            "image_id": "sha256:e544323490d0fdd2e315fad25ff7784c6876b762d775bfef0eaaadd1fafdef6a",
            "keep_locally": true,
            "name": "ghcr.io/pujiths1982/devops-project:latest",
            "platform": null,
            "pull_triggers": null,
            "repo_digest": "ghcr.io/pujiths1982/devops-project@sha256:e544323490d0fdd2e315fad25ff7784c6876b762d775bfef0eaaadd1fafdef6a",
            "triggers": null
          },
          "sensitive_attributes": [],
          "identity_schema_version": 0,
          "private": "bnVsbA=="
        }
      ]
    }
  ],
  "check_results": null
}
